
Microsoft Visual Studio Solution File, Format Version 12.00
# Visual Studio Version 16
VisualStudioVersion = 16.0.31424.327
MinimumVisualStudioVersion = 10.0.40219.1
Project("{FAE04EC0-301F-11D3-BF4B-00C04F79EFBC}") = "Financeiro.Testes", "src\Financeiro.Testes\Financeiro.Testes.csproj", "{BCEFB191-27EE-4DB9-A977-AA40507ABB5B}"
EndProject
Global
	GlobalSection(SolutionConfigurationPlatforms) = preSolution
		Debug|Any CPU = Debug|Any CPU
		Release|Any CPU = Release|Any CPU
	EndGlobalSection
	GlobalSection(ProjectConfigurationPlatforms) = postSolution
		{BCEFB191-27EE-4DB9-A977-AA40507ABB5B}.Debug|Any CPU.ActiveCfg = Debug|Any CPU
		{BCEFB191-27EE-4DB9-A977-AA40507ABB5B}.Debug|Any CPU.Build.0 = Debug|Any CPU
		{BCEFB191-27EE-4DB9-A977-AA40507ABB5B}.Release|Any CPU.ActiveCfg = Release|Any CPU
		{BCEFB191-27EE-4DB9-A977-AA40507ABB5B}.Release|Any CPU.Build.0 = Release|Any CPU
	EndGlobalSection
	GlobalSection(SolutionProperties) = preSolution
		HideSolutionNode = FALSE
	EndGlobalSection
	GlobalSection(ExtensibilityGlobals) = postSolution
		SolutionGuid = {39BCABD4-1F1C-4810-9A57-567D132AFCEA}
	EndGlobalSection
EndGlobal
